
Microsoft Visual Studio Solution File, Format Version 11.00
# Visual Studio 2010
Project("{FAE04EC0-301F-11D3-BF4B-00C04F79EFBC}") = "Assembly-CSharp", "Assembly-CSharp.csproj", "{985ED553-318D-705F-522F-967A20FE4CB2}"
EndProject
Project("{FAE04EC0-301F-11D3-BF4B-00C04F79EFBC}") = "Assembly-CSharp-Editor", "Assembly-CSharp-Editor.csproj", "{90B3D40E-3BB7-7B42-AB69-A99C6E3B996E}"
EndProject
Global
	GlobalSection(SolutionConfigurationPlatforms) = preSolution
		Debug|Any CPU = Debug|Any CPU
		Release|Any CPU = Release|Any CPU
	EndGlobalSection
	GlobalSection(ProjectConfigurationPlatforms) = postSolution
		{985ED553-318D-705F-522F-967A20FE4CB2}.Debug|Any CPU.ActiveCfg = Debug|Any CPU
		{985ED553-318D-705F-522F-967A20FE4CB2}.Debug|Any CPU.Build.0 = Debug|Any CPU
		{985ED553-318D-705F-522F-967A20FE4CB2}.Release|Any CPU.ActiveCfg = Release|Any CPU
		{985ED553-318D-705F-522F-967A20FE4CB2}.Release|Any CPU.Build.0 = Release|Any CPU
		{90B3D40E-3BB7-7B42-AB69-A99C6E3B996E}.Debug|Any CPU.ActiveCfg = Debug|Any CPU
		{90B3D40E-3BB7-7B42-AB69-A99C6E3B996E}.Debug|Any CPU.Build.0 = Debug|Any CPU
		{90B3D40E-3BB7-7B42-AB69-A99C6E3B996E}.Release|Any CPU.ActiveCfg = Release|Any CPU
		{90B3D40E-3BB7-7B42-AB69-A99C6E3B996E}.Release|Any CPU.Build.0 = Release|Any CPU
	EndGlobalSection
	GlobalSection(SolutionProperties) = preSolution
		HideSolutionNode = FALSE
	EndGlobalSection
EndGlobal
